
Microsoft Visual Studio Solution File, Format Version 12.00
# Visual Studio Version 16
VisualStudioVersion = 16.0.30011.22
MinimumVisualStudioVersion = 10.0.40219.1
Project("{FAE04EC0-301F-11D3-BF4B-00C04F79EFBC}") = "BIT265-MergeSort", "BIT265-MergeSort.csproj", "{2A64FFB5-3542-4C42-AC0A-3BC004A0D4E6}"
EndProject
Global
	GlobalSection(SolutionConfigurationPlatforms) = preSolution
		Debug|Any CPU = Debug|Any CPU
		Release|Any CPU = Release|Any CPU
	EndGlobalSection
	GlobalSection(ProjectConfigurationPlatforms) = postSolution
		{2A64FFB5-3542-4C42-AC0A-3BC004A0D4E6}.Debug|Any CPU.ActiveCfg = Debug|Any CPU
		{2A64FFB5-3542-4C42-AC0A-3BC004A0D4E6}.Debug|Any CPU.Build.0 = Debug|Any CPU
		{2A64FFB5-3542-4C42-AC0A-3BC004A0D4E6}.Release|Any CPU.ActiveCfg = Release|Any CPU
		{2A64FFB5-3542-4C42-AC0A-3BC004A0D4E6}.Release|Any CPU.Build.0 = Release|Any CPU
	EndGlobalSection
	GlobalSection(SolutionProperties) = preSolution
		HideSolutionNode = FALSE
	EndGlobalSection
	GlobalSection(ExtensibilityGlobals) = postSolution
		SolutionGuid = {529CC503-A40D-422E-B002-B1B2D4EF4F95}
	EndGlobalSection
EndGlobal
